{
  "name": "Front-End",
  "lockfileVersion": 2,
  "requires": true,
  "packages": {
    "": {
      "dependencies": {
        "redaxios": "^0.5.1"
      }
    },
    "node_modules/redaxios": {
      "version": "0.5.1",
      "resolved": "https://registry.npmjs.org/redaxios/-/redaxios-0.5.1.tgz",
      "integrity": "sha512-FSD2AmfdbkYwl7KDExYQlVvIrFz6Yd83pGfaGjBzM9F6rpq8g652Q4Yq5QD4c+nf4g2AgeElv1y+8ajUPiOYMg=="
    }
  },
  "dependencies": {
    "redaxios": {
      "version": "0.5.1",
      "resolved": "https://registry.npmjs.org/redaxios/-/redaxios-0.5.1.tgz",
      "integrity": "sha512-FSD2AmfdbkYwl7KDExYQlVvIrFz6Yd83pGfaGjBzM9F6rpq8g652Q4Yq5QD4c+nf4g2AgeElv1y+8ajUPiOYMg=="
    }
  }
}
